
Microsoft Visual Studio Solution File, Format Version 12.00
# Visual Studio Version 17
VisualStudioVersion = 17.0.31903.59
MinimumVisualStudioVersion = 10.0.40219.1
Project("{2150E333-8FDC-42A3-9474-1A3956D46DE8}") = "domain", "domain", "{996CEBED-A05B-5D42-3FF0-982E087A2599}"
EndProject
Project("{FAE04EC0-301F-11D3-BF4B-00C04F79EFBC}") = "SketchDomain", "domain\SketchDomain.csproj", "{EEFA5637-9607-430B-AFBC-7031286065D9}"
EndProject
Project("{2150E333-8FDC-42A3-9474-1A3956D46DE8}") = "domain.tests", "domain.tests", "{BAB2497A-7622-1410-2835-8828CFE57558}"
EndProject
Project("{FAE04EC0-301F-11D3-BF4B-00C04F79EFBC}") = "SketchDomain.Tests", "domain.tests\SketchDomain.Tests.csproj", "{ADC481F8-1414-44B5-96E0-D2D9B49788D0}"
EndProject
Project("{2150E333-8FDC-42A3-9474-1A3956D46DE8}") = "actor", "actor", "{1A159815-49BA-E587-74B5-469AEF09B099}"
EndProject
Project("{FAE04EC0-301F-11D3-BF4B-00C04F79EFBC}") = "SketchActor", "actor\SketchActor.csproj", "{276C8746-5C60-4041-9C94-66C205DDE23D}"
EndProject
Project("{2150E333-8FDC-42A3-9474-1A3956D46DE8}") = "forgetting.tests", "forgetting.tests", "{1AB417B7-B807-9E4C-4BFD-A0C13D2D4905}"
EndProject
Project("{FAE04EC0-301F-11D3-BF4B-00C04F79EFBC}") = "Forgetting.Tests", "forgetting.tests\Forgetting.Tests.csproj", "{B3F506BF-8A86-48FB-A1C5-D8E4216DA1AC}"
EndProject
Project("{2150E333-8FDC-42A3-9474-1A3956D46DE8}") = "view", "view", "{A5AB70C8-5697-EF02-E175-626C0C2E8DA8}"
EndProject
Project("{FAE04EC0-301F-11D3-BF4B-00C04F79EFBC}") = "SketchView", "view\SketchView.csproj", "{90E5D85D-6B85-4157-8179-20D97540CCBD}"
EndProject
Project("{2150E333-8FDC-42A3-9474-1A3956D46DE8}") = "forgetting", "forgetting", "{CFE903B4-E588-7327-B505-F29030FF67D0}"
EndProject
Project("{FAE04EC0-301F-11D3-BF4B-00C04F79EFBC}") = "Forgetting", "forgetting\Forgetting.csproj", "{2D2B13C1-6C6D-4A84-89C4-A68189F612EC}"
EndProject
Global
	GlobalSection(SolutionConfigurationPlatforms) = preSolution
		Debug|Any CPU = Debug|Any CPU
		Debug|x64 = Debug|x64
		Debug|x86 = Debug|x86
		Release|Any CPU = Release|Any CPU
		Release|x64 = Release|x64
		Release|x86 = Release|x86
	EndGlobalSection
	GlobalSection(ProjectConfigurationPlatforms) = postSolution
		{EEFA5637-9607-430B-AFBC-7031286065D9}.Debug|Any CPU.ActiveCfg = Debug|Any CPU
		{EEFA5637-9607-430B-AFBC-7031286065D9}.Debug|Any CPU.Build.0 = Debug|Any CPU
		{EEFA5637-9607-430B-AFBC-7031286065D9}.Debug|x64.ActiveCfg = Debug|Any CPU
		{EEFA5637-9607-430B-AFBC-7031286065D9}.Debug|x64.Build.0 = Debug|Any CPU
		{EEFA5637-9607-430B-AFBC-7031286065D9}.Debug|x86.ActiveCfg = Debug|Any CPU
		{EEFA5637-9607-430B-AFBC-7031286065D9}.Debug|x86.Build.0 = Debug|Any CPU
		{EEFA5637-9607-430B-AFBC-7031286065D9}.Release|Any CPU.ActiveCfg = Release|Any CPU
		{EEFA5637-9607-430B-AFBC-7031286065D9}.Release|Any CPU.Build.0 = Release|Any CPU
		{EEFA5637-9607-430B-AFBC-7031286065D9}.Release|x64.ActiveCfg = Release|Any CPU
		{EEFA5637-9607-430B-AFBC-7031286065D9}.Release|x64.Build.0 = Release|Any CPU
		{EEFA5637-9607-430B-AFBC-7031286065D9}.Release|x86.ActiveCfg = Release|Any CPU
		{EEFA5637-9607-430B-AFBC-7031286065D9}.Release|x86.Build.0 = Release|Any CPU
		{ADC481F8-1414-44B5-96E0-D2D9B49788D0}.Debug|Any CPU.ActiveCfg = Debug|Any CPU
		{ADC481F8-1414-44B5-96E0-D2D9B49788D0}.Debug|Any CPU.Build.0 = Debug|Any CPU
		{ADC481F8-1414-44B5-96E0-D2D9B49788D0}.Debug|x64.ActiveCfg = Debug|Any CPU
		{ADC481F8-1414-44B5-96E0-D2D9B49788D0}.Debug|x64.Build.0 = Debug|Any CPU
		{ADC481F8-1414-44B5-96E0-D2D9B49788D0}.Debug|x86.ActiveCfg = Debug|Any CPU
		{ADC481F8-1414-44B5-96E0-D2D9B49788D0}.Debug|x86.Build.0 = Debug|Any CPU
		{ADC481F8-1414-44B5-96E0-D2D9B49788D0}.Release|Any CPU.ActiveCfg = Release|Any CPU
		{ADC481F8-1414-44B5-96E0-D2D9B49788D0}.Release|Any CPU.Build.0 = Release|Any CPU
		{ADC481F8-1414-44B5-96E0-D2D9B49788D0}.Release|x64.ActiveCfg = Release|Any CPU
		{ADC481F8-1414-44B5-96E0-D2D9B49788D0}.Release|x64.Build.0 = Release|Any CPU
		{ADC481F8-1414-44B5-96E0-D2D9B49788D0}.Release|x86.ActiveCfg = Release|Any CPU
		{ADC481F8-1414-44B5-96E0-D2D9B49788D0}.Release|x86.Build.0 = Release|Any CPU
		{276C8746-5C60-4041-9C94-66C205DDE23D}.Debug|Any CPU.ActiveCfg = Debug|Any CPU
		{276C8746-5C60-4041-9C94-66C205DDE23D}.Debug|Any CPU.Build.0 = Debug|Any CPU
		{276C8746-5C60-4041-9C94-66C205DDE23D}.Debug|x64.ActiveCfg = Debug|Any CPU
		{276C8746-5C60-4041-9C94-66C205DDE23D}.Debug|x64.Build.0 = Debug|Any CPU
		{276C8746-5C60-4041-9C94-66C205DDE23D}.Debug|x86.ActiveCfg = Debug|Any CPU
		{276C8746-5C60-4041-9C94-66C205DDE23D}.Debug|x86.Build.0 = Debug|Any CPU
		{276C8746-5C60-4041-9C94-66C205DDE23D}.Release|Any CPU.ActiveCfg = Release|Any CPU
		{276C8746-5C60-4041-9C94-66C205DDE23D}.Release|Any CPU.Build.0 = Release|Any CPU
		{276C8746-5C60-4041-9C94-66C205DDE23D}.Release|x64.ActiveCfg = Release|Any CPU
		{276C8746-5C60-4041-9C94-66C205DDE23D}.Release|x64.Build.0 = Release|Any CPU
		{276C8746-5C60-4041-9C94-66C205DDE23D}.Release|x86.ActiveCfg = Release|Any CPU
		{276C8746-5C60-4041-9C94-66C205DDE23D}.Release|x86.Build.0 = Release|Any CPU
		{B3F506BF-8A86-48FB-A1C5-D8E4216DA1AC}.Debug|Any CPU.ActiveCfg = Debug|Any CPU
		{B3F506BF-8A86-48FB-A1C5-D8E4216DA1AC}.Debug|Any CPU.Build.0 = Debug|Any CPU
		{B3F506BF-8A86-48FB-A1C5-D8E4216DA1AC}.Debug|x64.ActiveCfg = Debug|Any CPU
		{B3F506BF-8A86-48FB-A1C5-D8E4216DA1AC}.Debug|x64.Build.0 = Debug|Any CPU
		{B3F506BF-8A86-48FB-A1C5-D8E4216DA1AC}.Debug|x86.ActiveCfg = Debug|Any CPU
		{B3F506BF-8A86-48FB-A1C5-D8E4216DA1AC}.Debug|x86.Build.0 = Debug|Any CPU
		{B3F506BF-8A86-48FB-A1C5-D8E4216DA1AC}.Release|Any CPU.ActiveCfg = Release|Any CPU
		{B3F506BF-8A86-48FB-A1C5-D8E4216DA1AC}.Release|Any CPU.Build.0 = Release|Any CPU
		{B3F506BF-8A86-48FB-A1C5-D8E4216DA1AC}.Release|x64.ActiveCfg = Release|Any CPU
		{B3F506BF-8A86-48FB-A1C5-D8E4216DA1AC}.Release|x64.Build.0 = Release|Any CPU
		{B3F506BF-8A86-48FB-A1C5-D8E4216DA1AC}.Release|x86.ActiveCfg = Release|Any CPU
		{B3F506BF-8A86-48FB-A1C5-D8E4216DA1AC}.Release|x86.Build.0 = Release|Any CPU
		{90E5D85D-6B85-4157-8179-20D97540CCBD}.Debug|Any CPU.ActiveCfg = Debug|Any CPU
		{90E5D85D-6B85-4157-8179-20D97540CCBD}.Debug|Any CPU.Build.0 = Debug|Any CPU
		{90E5D85D-6B85-4157-8179-20D97540CCBD}.Debug|x64.ActiveCfg = Debug|Any CPU
		{90E5D85D-6B85-4157-8179-20D97540CCBD}.Debug|x64.Build.0 = Debug|Any CPU
		{90E5D85D-6B85-4157-8179-20D97540CCBD}.Debug|x86.ActiveCfg = Debug|Any CPU
		{90E5D85D-6B85-4157-8179-20D97540CCBD}.Debug|x86.Build.0 = Debug|Any CPU
		{90E5D85D-6B85-4157-8179-20D97540CCBD}.Release|Any CPU.ActiveCfg = Release|Any CPU
		{90E5D85D-6B85-4157-8179-20D97540CCBD}.Release|Any CPU.Build.0 = Release|Any CPU
		{90E5D85D-6B85-4157-8179-20D97540CCBD}.Release|x64.ActiveCfg = Release|Any CPU
		{90E5D85D-6B85-4157-8179-20D97540CCBD}.Release|x64.Build.0 = Release|Any CPU
		{90E5D85D-6B85-4157-8179-20D97540CCBD}.Release|x86.ActiveCfg = Release|Any CPU
		{90E5D85D-6B85-4157-8179-20D97540CCBD}.Release|x86.Build.0 = Release|Any CPU
		{2D2B13C1-6C6D-4A84-89C4-A68189F612EC}.Debug|Any CPU.ActiveCfg = Debug|Any CPU
		{2D2B13C1-6C6D-4A84-89C4-A68189F612EC}.Debug|Any CPU.Build.0 = Debug|Any CPU
		{2D2B13C1-6C6D-4A84-89C4-A68189F612EC}.Debug|x64.ActiveCfg = Debug|Any CPU
		{2D2B13C1-6C6D-4A84-89C4-A68189F612EC}.Debug|x64.Build.0 = Debug|Any CPU
		{2D2B13C1-6C6D-4A84-89C4-A68189F612EC}.Debug|x86.ActiveCfg = Debug|Any CPU
		{2D2B13C1-6C6D-4A84-89C4-A68189F612EC}.Debug|x86.Build.0 = Debug|Any CPU
		{2D2B13C1-6C6D-4A84-89C4-A68189F612EC}.Release|Any CPU.ActiveCfg = Release|Any CPU
		{2D2B13C1-6C6D-4A84-89C4-A68189F612EC}.Release|Any CPU.Build.0 = Release|Any CPU
		{2D2B13C1-6C6D-4A84-89C4-A68189F612EC}.Release|x64.ActiveCfg = Release|Any CPU
		{2D2B13C1-6C6D-4A84-89C4-A68189F612EC}.Release|x64.Build.0 = Release|Any CPU
		{2D2B13C1-6C6D-4A84-89C4-A68189F612EC}.Release|x86.ActiveCfg = Release|Any CPU
		{2D2B13C1-6C6D-4A84-89C4-A68189F612EC}.Release|x86.Build.0 = Release|Any CPU
	EndGlobalSection
	GlobalSection(SolutionProperties) = preSolution
		HideSolutionNode = FALSE
	EndGlobalSection
	GlobalSection(NestedProjects) = preSolution
		{EEFA5637-9607-430B-AFBC-7031286065D9} = {996CEBED-A05B-5D42-3FF0-982E087A2599}
		{ADC481F8-1414-44B5-96E0-D2D9B49788D0} = {BAB2497A-7622-1410-2835-8828CFE57558}
		{276C8746-5C60-4041-9C94-66C205DDE23D} = {1A159815-49BA-E587-74B5-469AEF09B099}
		{B3F506BF-8A86-48FB-A1C5-D8E4216DA1AC} = {1AB417B7-B807-9E4C-4BFD-A0C13D2D4905}
		{90E5D85D-6B85-4157-8179-20D97540CCBD} = {A5AB70C8-5697-EF02-E175-626C0C2E8DA8}
		{2D2B13C1-6C6D-4A84-89C4-A68189F612EC} = {CFE903B4-E588-7327-B505-F29030FF67D0}
	EndGlobalSection
EndGlobal
