
Microsoft Visual Studio Solution File, Format Version 12.00
# Visual Studio Version 17
VisualStudioVersion = 17.0.31903.59
MinimumVisualStudioVersion = 10.0.40219.1
Project("{2150E333-8FDC-42A3-9474-1A3956D46DE8}") = "domain", "domain", "{BEE476BB-7A8D-45AD-9F53-281F13218289}"
EndProject
Project("{FAE04EC0-301F-11D3-BF4B-00C04F79EFBC}") = "TetrisDomain", "domain\TetrisDomain.csproj", "{AE9634E6-5162-4F9A-8D04-3B57EB852C7A}"
EndProject
Project("{2150E333-8FDC-42A3-9474-1A3956D46DE8}") = "domain.tests", "domain.tests", "{D1CCF891-458A-465E-8489-5A276A7F687B}"
EndProject
Project("{FAE04EC0-301F-11D3-BF4B-00C04F79EFBC}") = "TetrisDomain.Tests", "domain.tests\TetrisDomain.Tests.csproj", "{B255EBF3-9816-4A44-9B51-4ED69179701D}"
EndProject
Project("{2150E333-8FDC-42A3-9474-1A3956D46DE8}") = "console", "console", "{A7685BC2-4C5D-4F22-A156-40CD8D6FC8F4}"
EndProject
Project("{FAE04EC0-301F-11D3-BF4B-00C04F79EFBC}") = "TetrisConsole", "console\TetrisConsole.csproj", "{FB4C772B-140C-42DA-9F44-A06833166B76}"
EndProject
Project("{2150E333-8FDC-42A3-9474-1A3956D46DE8}") = "actor", "actor", "{F00E2C92-D3D3-463F-A27A-8C610E31AB91}"
EndProject
Project("{FAE04EC0-301F-11D3-BF4B-00C04F79EFBC}") = "TetrisActor", "actor\TetrisActor.csproj", "{C8F51C47-174F-41F8-AA3C-393C9F8D3989}"
EndProject
Project("{2150E333-8FDC-42A3-9474-1A3956D46DE8}") = "ai", "ai", "{3B58330C-C5D4-407F-8230-A4DF7962D98B}"
EndProject
Project("{FAE04EC0-301F-11D3-BF4B-00C04F79EFBC}") = "TetrisAi", "ai\TetrisAi.csproj", "{F7200804-20DB-4744-A054-E6536CBCE692}"
EndProject
Project("{2150E333-8FDC-42A3-9474-1A3956D46DE8}") = "observer", "observer", "{31FAFE22-68A0-4787-92EF-3D6B5B7C5B65}"
EndProject
Project("{FAE04EC0-301F-11D3-BF4B-00C04F79EFBC}") = "TetrisObserver", "observer\TetrisObserver.csproj", "{57324D11-61C9-4D03-81CE-FEA762B693C6}"
EndProject
Project("{2150E333-8FDC-42A3-9474-1A3956D46DE8}") = "watch", "watch", "{66052366-BB11-4AAC-BB45-31A62A53296A}"
EndProject
Project("{FAE04EC0-301F-11D3-BF4B-00C04F79EFBC}") = "TetrisWatch", "watch\TetrisWatch.csproj", "{41017F25-1225-4B20-A082-6313AF17804A}"
EndProject
Project("{2150E333-8FDC-42A3-9474-1A3956D46DE8}") = "server", "server", "{4841D79E-980C-4280-AAD6-27A861D460B8}"
EndProject
Project("{FAE04EC0-301F-11D3-BF4B-00C04F79EFBC}") = "TetrisServer", "server\TetrisServer.csproj", "{0B5E0C42-3F75-4D00-A40D-9C1C061CFE77}"
EndProject
Project("{2150E333-8FDC-42A3-9474-1A3956D46DE8}") = "send", "send", "{6D4C0FF1-379E-47C3-ADB8-EEF2AE384000}"
EndProject
Project("{FAE04EC0-301F-11D3-BF4B-00C04F79EFBC}") = "TetrisSend", "send\TetrisSend.csproj", "{B9DA89DF-1D5C-4317-AE03-8D116556B011}"
EndProject
Project("{2150E333-8FDC-42A3-9474-1A3956D46DE8}") = "input", "input", "{15157BF7-0C8D-468C-B794-17E996BA8CF9}"
EndProject
Project("{FAE04EC0-301F-11D3-BF4B-00C04F79EFBC}") = "TetrisStage", "input\TetrisStage.csproj", "{2F1AFA0A-FB67-44ED-A45E-DDC89DEE3A02}"
EndProject
Project("{2150E333-8FDC-42A3-9474-1A3956D46DE8}") = "sm-server", "sm-server", "{1FFD56B3-3A7B-44F1-97FA-8B267FAF4613}"
EndProject
Project("{FAE04EC0-301F-11D3-BF4B-00C04F79EFBC}") = "TetrisStageServer", "sm-server\TetrisStageServer.csproj", "{150A33BA-25BE-4894-AB89-C5BBC14354CE}"
EndProject
Project("{2150E333-8FDC-42A3-9474-1A3956D46DE8}") = "sm-duo", "sm-duo", "{4B4D8369-31FF-425D-8A0E-36BEF2D95B66}"
EndProject
Project("{FAE04EC0-301F-11D3-BF4B-00C04F79EFBC}") = "TetrisStageDuo", "sm-duo\TetrisStageDuo.csproj", "{A9E8DED6-8B4B-4CF4-BCD1-051FAE4F7AE4}"
EndProject
Project("{2150E333-8FDC-42A3-9474-1A3956D46DE8}") = "sm-duo-tls", "sm-duo-tls", "{ED2C978C-0044-4998-920B-673B96B3BDF3}"
EndProject
Project("{FAE04EC0-301F-11D3-BF4B-00C04F79EFBC}") = "TetrisStageDuoTls", "sm-duo-tls\TetrisStageDuoTls.csproj", "{45835F6D-46EC-449D-A278-E65CAA50AB45}"
EndProject
Project("{2150E333-8FDC-42A3-9474-1A3956D46DE8}") = "web", "web", "{8A5C551F-D895-4951-8111-1B794080AEA7}"
EndProject
Project("{FAE04EC0-301F-11D3-BF4B-00C04F79EFBC}") = "TetrisWeb", "web\TetrisWeb.csproj", "{2245AA07-2CF4-4BA8-AF31-33A28EE6F678}"
EndProject
Project("{2150E333-8FDC-42A3-9474-1A3956D46DE8}") = "web-rest", "web-rest", "{54195F79-89D5-4FA0-AD3B-B36755263A19}"
EndProject
Project("{FAE04EC0-301F-11D3-BF4B-00C04F79EFBC}") = "TetrisWebRest", "web-rest\TetrisWebRest.csproj", "{5813F98B-FF7E-4CCA-B52F-84618CFA7ED3}"
EndProject
Global
	GlobalSection(SolutionConfigurationPlatforms) = preSolution
		Debug|Any CPU = Debug|Any CPU
		Debug|x64 = Debug|x64
		Debug|x86 = Debug|x86
		Release|Any CPU = Release|Any CPU
		Release|x64 = Release|x64
		Release|x86 = Release|x86
	EndGlobalSection
	GlobalSection(ProjectConfigurationPlatforms) = postSolution
		{AE9634E6-5162-4F9A-8D04-3B57EB852C7A}.Debug|Any CPU.ActiveCfg = Debug|Any CPU
		{AE9634E6-5162-4F9A-8D04-3B57EB852C7A}.Debug|Any CPU.Build.0 = Debug|Any CPU
		{AE9634E6-5162-4F9A-8D04-3B57EB852C7A}.Debug|x64.ActiveCfg = Debug|Any CPU
		{AE9634E6-5162-4F9A-8D04-3B57EB852C7A}.Debug|x64.Build.0 = Debug|Any CPU
		{AE9634E6-5162-4F9A-8D04-3B57EB852C7A}.Debug|x86.ActiveCfg = Debug|Any CPU
		{AE9634E6-5162-4F9A-8D04-3B57EB852C7A}.Debug|x86.Build.0 = Debug|Any CPU
		{AE9634E6-5162-4F9A-8D04-3B57EB852C7A}.Release|Any CPU.ActiveCfg = Release|Any CPU
		{AE9634E6-5162-4F9A-8D04-3B57EB852C7A}.Release|Any CPU.Build.0 = Release|Any CPU
		{AE9634E6-5162-4F9A-8D04-3B57EB852C7A}.Release|x64.ActiveCfg = Release|Any CPU
		{AE9634E6-5162-4F9A-8D04-3B57EB852C7A}.Release|x64.Build.0 = Release|Any CPU
		{AE9634E6-5162-4F9A-8D04-3B57EB852C7A}.Release|x86.ActiveCfg = Release|Any CPU
		{AE9634E6-5162-4F9A-8D04-3B57EB852C7A}.Release|x86.Build.0 = Release|Any CPU
		{B255EBF3-9816-4A44-9B51-4ED69179701D}.Debug|Any CPU.ActiveCfg = Debug|Any CPU
		{B255EBF3-9816-4A44-9B51-4ED69179701D}.Debug|Any CPU.Build.0 = Debug|Any CPU
		{B255EBF3-9816-4A44-9B51-4ED69179701D}.Debug|x64.ActiveCfg = Debug|Any CPU
		{B255EBF3-9816-4A44-9B51-4ED69179701D}.Debug|x64.Build.0 = Debug|Any CPU
		{B255EBF3-9816-4A44-9B51-4ED69179701D}.Debug|x86.ActiveCfg = Debug|Any CPU
		{B255EBF3-9816-4A44-9B51-4ED69179701D}.Debug|x86.Build.0 = Debug|Any CPU
		{B255EBF3-9816-4A44-9B51-4ED69179701D}.Release|Any CPU.ActiveCfg = Release|Any CPU
		{B255EBF3-9816-4A44-9B51-4ED69179701D}.Release|Any CPU.Build.0 = Release|Any CPU
		{B255EBF3-9816-4A44-9B51-4ED69179701D}.Release|x64.ActiveCfg = Release|Any CPU
		{B255EBF3-9816-4A44-9B51-4ED69179701D}.Release|x64.Build.0 = Release|Any CPU
		{B255EBF3-9816-4A44-9B51-4ED69179701D}.Release|x86.ActiveCfg = Release|Any CPU
		{B255EBF3-9816-4A44-9B51-4ED69179701D}.Release|x86.Build.0 = Release|Any CPU
		{FB4C772B-140C-42DA-9F44-A06833166B76}.Debug|Any CPU.ActiveCfg = Debug|Any CPU
		{FB4C772B-140C-42DA-9F44-A06833166B76}.Debug|Any CPU.Build.0 = Debug|Any CPU
		{FB4C772B-140C-42DA-9F44-A06833166B76}.Debug|x64.ActiveCfg = Debug|Any CPU
		{FB4C772B-140C-42DA-9F44-A06833166B76}.Debug|x64.Build.0 = Debug|Any CPU
		{FB4C772B-140C-42DA-9F44-A06833166B76}.Debug|x86.ActiveCfg = Debug|Any CPU
		{FB4C772B-140C-42DA-9F44-A06833166B76}.Debug|x86.Build.0 = Debug|Any CPU
		{FB4C772B-140C-42DA-9F44-A06833166B76}.Release|Any CPU.ActiveCfg = Release|Any CPU
		{FB4C772B-140C-42DA-9F44-A06833166B76}.Release|Any CPU.Build.0 = Release|Any CPU
		{FB4C772B-140C-42DA-9F44-A06833166B76}.Release|x64.ActiveCfg = Release|Any CPU
		{FB4C772B-140C-42DA-9F44-A06833166B76}.Release|x64.Build.0 = Release|Any CPU
		{FB4C772B-140C-42DA-9F44-A06833166B76}.Release|x86.ActiveCfg = Release|Any CPU
		{FB4C772B-140C-42DA-9F44-A06833166B76}.Release|x86.Build.0 = Release|Any CPU
		{C8F51C47-174F-41F8-AA3C-393C9F8D3989}.Debug|Any CPU.ActiveCfg = Debug|Any CPU
		{C8F51C47-174F-41F8-AA3C-393C9F8D3989}.Debug|Any CPU.Build.0 = Debug|Any CPU
		{C8F51C47-174F-41F8-AA3C-393C9F8D3989}.Debug|x64.ActiveCfg = Debug|Any CPU
		{C8F51C47-174F-41F8-AA3C-393C9F8D3989}.Debug|x64.Build.0 = Debug|Any CPU
		{C8F51C47-174F-41F8-AA3C-393C9F8D3989}.Debug|x86.ActiveCfg = Debug|Any CPU
		{C8F51C47-174F-41F8-AA3C-393C9F8D3989}.Debug|x86.Build.0 = Debug|Any CPU
		{C8F51C47-174F-41F8-AA3C-393C9F8D3989}.Release|Any CPU.ActiveCfg = Release|Any CPU
		{C8F51C47-174F-41F8-AA3C-393C9F8D3989}.Release|Any CPU.Build.0 = Release|Any CPU
		{C8F51C47-174F-41F8-AA3C-393C9F8D3989}.Release|x64.ActiveCfg = Release|Any CPU
		{C8F51C47-174F-41F8-AA3C-393C9F8D3989}.Release|x64.Build.0 = Release|Any CPU
		{C8F51C47-174F-41F8-AA3C-393C9F8D3989}.Release|x86.ActiveCfg = Release|Any CPU
		{C8F51C47-174F-41F8-AA3C-393C9F8D3989}.Release|x86.Build.0 = Release|Any CPU
		{F7200804-20DB-4744-A054-E6536CBCE692}.Debug|Any CPU.ActiveCfg = Debug|Any CPU
		{F7200804-20DB-4744-A054-E6536CBCE692}.Debug|Any CPU.Build.0 = Debug|Any CPU
		{F7200804-20DB-4744-A054-E6536CBCE692}.Debug|x64.ActiveCfg = Debug|Any CPU
		{F7200804-20DB-4744-A054-E6536CBCE692}.Debug|x64.Build.0 = Debug|Any CPU
		{F7200804-20DB-4744-A054-E6536CBCE692}.Debug|x86.ActiveCfg = Debug|Any CPU
		{F7200804-20DB-4744-A054-E6536CBCE692}.Debug|x86.Build.0 = Debug|Any CPU
		{F7200804-20DB-4744-A054-E6536CBCE692}.Release|Any CPU.ActiveCfg = Release|Any CPU
		{F7200804-20DB-4744-A054-E6536CBCE692}.Release|Any CPU.Build.0 = Release|Any CPU
		{F7200804-20DB-4744-A054-E6536CBCE692}.Release|x64.ActiveCfg = Release|Any CPU
		{F7200804-20DB-4744-A054-E6536CBCE692}.Release|x64.Build.0 = Release|Any CPU
		{F7200804-20DB-4744-A054-E6536CBCE692}.Release|x86.ActiveCfg = Release|Any CPU
		{F7200804-20DB-4744-A054-E6536CBCE692}.Release|x86.Build.0 = Release|Any CPU
		{57324D11-61C9-4D03-81CE-FEA762B693C6}.Debug|Any CPU.ActiveCfg = Debug|Any CPU
		{57324D11-61C9-4D03-81CE-FEA762B693C6}.Debug|Any CPU.Build.0 = Debug|Any CPU
		{57324D11-61C9-4D03-81CE-FEA762B693C6}.Debug|x64.ActiveCfg = Debug|Any CPU
		{57324D11-61C9-4D03-81CE-FEA762B693C6}.Debug|x64.Build.0 = Debug|Any CPU
		{57324D11-61C9-4D03-81CE-FEA762B693C6}.Debug|x86.ActiveCfg = Debug|Any CPU
		{57324D11-61C9-4D03-81CE-FEA762B693C6}.Debug|x86.Build.0 = Debug|Any CPU
		{57324D11-61C9-4D03-81CE-FEA762B693C6}.Release|Any CPU.ActiveCfg = Release|Any CPU
		{57324D11-61C9-4D03-81CE-FEA762B693C6}.Release|Any CPU.Build.0 = Release|Any CPU
		{57324D11-61C9-4D03-81CE-FEA762B693C6}.Release|x64.ActiveCfg = Release|Any CPU
		{57324D11-61C9-4D03-81CE-FEA762B693C6}.Release|x64.Build.0 = Release|Any CPU
		{57324D11-61C9-4D03-81CE-FEA762B693C6}.Release|x86.ActiveCfg = Release|Any CPU
		{57324D11-61C9-4D03-81CE-FEA762B693C6}.Release|x86.Build.0 = Release|Any CPU
		{41017F25-1225-4B20-A082-6313AF17804A}.Debug|Any CPU.ActiveCfg = Debug|Any CPU
		{41017F25-1225-4B20-A082-6313AF17804A}.Debug|Any CPU.Build.0 = Debug|Any CPU
		{41017F25-1225-4B20-A082-6313AF17804A}.Debug|x64.ActiveCfg = Debug|Any CPU
		{41017F25-1225-4B20-A082-6313AF17804A}.Debug|x64.Build.0 = Debug|Any CPU
		{41017F25-1225-4B20-A082-6313AF17804A}.Debug|x86.ActiveCfg = Debug|Any CPU
		{41017F25-1225-4B20-A082-6313AF17804A}.Debug|x86.Build.0 = Debug|Any CPU
		{41017F25-1225-4B20-A082-6313AF17804A}.Release|Any CPU.ActiveCfg = Release|Any CPU
		{41017F25-1225-4B20-A082-6313AF17804A}.Release|Any CPU.Build.0 = Release|Any CPU
		{41017F25-1225-4B20-A082-6313AF17804A}.Release|x64.ActiveCfg = Release|Any CPU
		{41017F25-1225-4B20-A082-6313AF17804A}.Release|x64.Build.0 = Release|Any CPU
		{41017F25-1225-4B20-A082-6313AF17804A}.Release|x86.ActiveCfg = Release|Any CPU
		{41017F25-1225-4B20-A082-6313AF17804A}.Release|x86.Build.0 = Release|Any CPU
		{0B5E0C42-3F75-4D00-A40D-9C1C061CFE77}.Debug|Any CPU.ActiveCfg = Debug|Any CPU
		{0B5E0C42-3F75-4D00-A40D-9C1C061CFE77}.Debug|Any CPU.Build.0 = Debug|Any CPU
		{0B5E0C42-3F75-4D00-A40D-9C1C061CFE77}.Debug|x64.ActiveCfg = Debug|Any CPU
		{0B5E0C42-3F75-4D00-A40D-9C1C061CFE77}.Debug|x64.Build.0 = Debug|Any CPU
		{0B5E0C42-3F75-4D00-A40D-9C1C061CFE77}.Debug|x86.ActiveCfg = Debug|Any CPU
		{0B5E0C42-3F75-4D00-A40D-9C1C061CFE77}.Debug|x86.Build.0 = Debug|Any CPU
		{0B5E0C42-3F75-4D00-A40D-9C1C061CFE77}.Release|Any CPU.ActiveCfg = Release|Any CPU
		{0B5E0C42-3F75-4D00-A40D-9C1C061CFE77}.Release|Any CPU.Build.0 = Release|Any CPU
		{0B5E0C42-3F75-4D00-A40D-9C1C061CFE77}.Release|x64.ActiveCfg = Release|Any CPU
		{0B5E0C42-3F75-4D00-A40D-9C1C061CFE77}.Release|x64.Build.0 = Release|Any CPU
		{0B5E0C42-3F75-4D00-A40D-9C1C061CFE77}.Release|x86.ActiveCfg = Release|Any CPU
		{0B5E0C42-3F75-4D00-A40D-9C1C061CFE77}.Release|x86.Build.0 = Release|Any CPU
		{B9DA89DF-1D5C-4317-AE03-8D116556B011}.Debug|Any CPU.ActiveCfg = Debug|Any CPU
		{B9DA89DF-1D5C-4317-AE03-8D116556B011}.Debug|Any CPU.Build.0 = Debug|Any CPU
		{B9DA89DF-1D5C-4317-AE03-8D116556B011}.Debug|x64.ActiveCfg = Debug|Any CPU
		{B9DA89DF-1D5C-4317-AE03-8D116556B011}.Debug|x64.Build.0 = Debug|Any CPU
		{B9DA89DF-1D5C-4317-AE03-8D116556B011}.Debug|x86.ActiveCfg = Debug|Any CPU
		{B9DA89DF-1D5C-4317-AE03-8D116556B011}.Debug|x86.Build.0 = Debug|Any CPU
		{B9DA89DF-1D5C-4317-AE03-8D116556B011}.Release|Any CPU.ActiveCfg = Release|Any CPU
		{B9DA89DF-1D5C-4317-AE03-8D116556B011}.Release|Any CPU.Build.0 = Release|Any CPU
		{B9DA89DF-1D5C-4317-AE03-8D116556B011}.Release|x64.ActiveCfg = Release|Any CPU
		{B9DA89DF-1D5C-4317-AE03-8D116556B011}.Release|x64.Build.0 = Release|Any CPU
		{B9DA89DF-1D5C-4317-AE03-8D116556B011}.Release|x86.ActiveCfg = Release|Any CPU
		{B9DA89DF-1D5C-4317-AE03-8D116556B011}.Release|x86.Build.0 = Release|Any CPU
		{2F1AFA0A-FB67-44ED-A45E-DDC89DEE3A02}.Debug|Any CPU.ActiveCfg = Debug|Any CPU
		{2F1AFA0A-FB67-44ED-A45E-DDC89DEE3A02}.Debug|Any CPU.Build.0 = Debug|Any CPU
		{2F1AFA0A-FB67-44ED-A45E-DDC89DEE3A02}.Debug|x64.ActiveCfg = Debug|Any CPU
		{2F1AFA0A-FB67-44ED-A45E-DDC89DEE3A02}.Debug|x64.Build.0 = Debug|Any CPU
		{2F1AFA0A-FB67-44ED-A45E-DDC89DEE3A02}.Debug|x86.ActiveCfg = Debug|Any CPU
		{2F1AFA0A-FB67-44ED-A45E-DDC89DEE3A02}.Debug|x86.Build.0 = Debug|Any CPU
		{2F1AFA0A-FB67-44ED-A45E-DDC89DEE3A02}.Release|Any CPU.ActiveCfg = Release|Any CPU
		{2F1AFA0A-FB67-44ED-A45E-DDC89DEE3A02}.Release|Any CPU.Build.0 = Release|Any CPU
		{2F1AFA0A-FB67-44ED-A45E-DDC89DEE3A02}.Release|x64.ActiveCfg = Release|Any CPU
		{2F1AFA0A-FB67-44ED-A45E-DDC89DEE3A02}.Release|x64.Build.0 = Release|Any CPU
		{2F1AFA0A-FB67-44ED-A45E-DDC89DEE3A02}.Release|x86.ActiveCfg = Release|Any CPU
		{2F1AFA0A-FB67-44ED-A45E-DDC89DEE3A02}.Release|x86.Build.0 = Release|Any CPU
		{150A33BA-25BE-4894-AB89-C5BBC14354CE}.Debug|Any CPU.ActiveCfg = Debug|Any CPU
		{150A33BA-25BE-4894-AB89-C5BBC14354CE}.Debug|Any CPU.Build.0 = Debug|Any CPU
		{150A33BA-25BE-4894-AB89-C5BBC14354CE}.Debug|x64.ActiveCfg = Debug|Any CPU
		{150A33BA-25BE-4894-AB89-C5BBC14354CE}.Debug|x64.Build.0 = Debug|Any CPU
		{150A33BA-25BE-4894-AB89-C5BBC14354CE}.Debug|x86.ActiveCfg = Debug|Any CPU
		{150A33BA-25BE-4894-AB89-C5BBC14354CE}.Debug|x86.Build.0 = Debug|Any CPU
		{150A33BA-25BE-4894-AB89-C5BBC14354CE}.Release|Any CPU.ActiveCfg = Release|Any CPU
		{150A33BA-25BE-4894-AB89-C5BBC14354CE}.Release|Any CPU.Build.0 = Release|Any CPU
		{150A33BA-25BE-4894-AB89-C5BBC14354CE}.Release|x64.ActiveCfg = Release|Any CPU
		{150A33BA-25BE-4894-AB89-C5BBC14354CE}.Release|x64.Build.0 = Release|Any CPU
		{150A33BA-25BE-4894-AB89-C5BBC14354CE}.Release|x86.ActiveCfg = Release|Any CPU
		{150A33BA-25BE-4894-AB89-C5BBC14354CE}.Release|x86.Build.0 = Release|Any CPU
		{A9E8DED6-8B4B-4CF4-BCD1-051FAE4F7AE4}.Debug|Any CPU.ActiveCfg = Debug|Any CPU
		{A9E8DED6-8B4B-4CF4-BCD1-051FAE4F7AE4}.Debug|Any CPU.Build.0 = Debug|Any CPU
		{A9E8DED6-8B4B-4CF4-BCD1-051FAE4F7AE4}.Debug|x64.ActiveCfg = Debug|Any CPU
		{A9E8DED6-8B4B-4CF4-BCD1-051FAE4F7AE4}.Debug|x64.Build.0 = Debug|Any CPU
		{A9E8DED6-8B4B-4CF4-BCD1-051FAE4F7AE4}.Debug|x86.ActiveCfg = Debug|Any CPU
		{A9E8DED6-8B4B-4CF4-BCD1-051FAE4F7AE4}.Debug|x86.Build.0 = Debug|Any CPU
		{A9E8DED6-8B4B-4CF4-BCD1-051FAE4F7AE4}.Release|Any CPU.ActiveCfg = Release|Any CPU
		{A9E8DED6-8B4B-4CF4-BCD1-051FAE4F7AE4}.Release|Any CPU.Build.0 = Release|Any CPU
		{A9E8DED6-8B4B-4CF4-BCD1-051FAE4F7AE4}.Release|x64.ActiveCfg = Release|Any CPU
		{A9E8DED6-8B4B-4CF4-BCD1-051FAE4F7AE4}.Release|x64.Build.0 = Release|Any CPU
		{A9E8DED6-8B4B-4CF4-BCD1-051FAE4F7AE4}.Release|x86.ActiveCfg = Release|Any CPU
		{A9E8DED6-8B4B-4CF4-BCD1-051FAE4F7AE4}.Release|x86.Build.0 = Release|Any CPU
		{45835F6D-46EC-449D-A278-E65CAA50AB45}.Debug|Any CPU.ActiveCfg = Debug|Any CPU
		{45835F6D-46EC-449D-A278-E65CAA50AB45}.Debug|Any CPU.Build.0 = Debug|Any CPU
		{45835F6D-46EC-449D-A278-E65CAA50AB45}.Debug|x64.ActiveCfg = Debug|Any CPU
		{45835F6D-46EC-449D-A278-E65CAA50AB45}.Debug|x64.Build.0 = Debug|Any CPU
		{45835F6D-46EC-449D-A278-E65CAA50AB45}.Debug|x86.ActiveCfg = Debug|Any CPU
		{45835F6D-46EC-449D-A278-E65CAA50AB45}.Debug|x86.Build.0 = Debug|Any CPU
		{45835F6D-46EC-449D-A278-E65CAA50AB45}.Release|Any CPU.ActiveCfg = Release|Any CPU
		{45835F6D-46EC-449D-A278-E65CAA50AB45}.Release|Any CPU.Build.0 = Release|Any CPU
		{45835F6D-46EC-449D-A278-E65CAA50AB45}.Release|x64.ActiveCfg = Release|Any CPU
		{45835F6D-46EC-449D-A278-E65CAA50AB45}.Release|x64.Build.0 = Release|Any CPU
		{45835F6D-46EC-449D-A278-E65CAA50AB45}.Release|x86.ActiveCfg = Release|Any CPU
		{45835F6D-46EC-449D-A278-E65CAA50AB45}.Release|x86.Build.0 = Release|Any CPU
		{2245AA07-2CF4-4BA8-AF31-33A28EE6F678}.Debug|Any CPU.ActiveCfg = Debug|Any CPU
		{2245AA07-2CF4-4BA8-AF31-33A28EE6F678}.Debug|Any CPU.Build.0 = Debug|Any CPU
		{2245AA07-2CF4-4BA8-AF31-33A28EE6F678}.Debug|x64.ActiveCfg = Debug|Any CPU
		{2245AA07-2CF4-4BA8-AF31-33A28EE6F678}.Debug|x64.Build.0 = Debug|Any CPU
		{2245AA07-2CF4-4BA8-AF31-33A28EE6F678}.Debug|x86.ActiveCfg = Debug|Any CPU
		{2245AA07-2CF4-4BA8-AF31-33A28EE6F678}.Debug|x86.Build.0 = Debug|Any CPU
		{2245AA07-2CF4-4BA8-AF31-33A28EE6F678}.Release|Any CPU.ActiveCfg = Release|Any CPU
		{2245AA07-2CF4-4BA8-AF31-33A28EE6F678}.Release|Any CPU.Build.0 = Release|Any CPU
		{2245AA07-2CF4-4BA8-AF31-33A28EE6F678}.Release|x64.ActiveCfg = Release|Any CPU
		{2245AA07-2CF4-4BA8-AF31-33A28EE6F678}.Release|x64.Build.0 = Release|Any CPU
		{2245AA07-2CF4-4BA8-AF31-33A28EE6F678}.Release|x86.ActiveCfg = Release|Any CPU
		{2245AA07-2CF4-4BA8-AF31-33A28EE6F678}.Release|x86.Build.0 = Release|Any CPU
		{5813F98B-FF7E-4CCA-B52F-84618CFA7ED3}.Debug|Any CPU.ActiveCfg = Debug|Any CPU
		{5813F98B-FF7E-4CCA-B52F-84618CFA7ED3}.Debug|Any CPU.Build.0 = Debug|Any CPU
		{5813F98B-FF7E-4CCA-B52F-84618CFA7ED3}.Debug|x64.ActiveCfg = Debug|Any CPU
		{5813F98B-FF7E-4CCA-B52F-84618CFA7ED3}.Debug|x64.Build.0 = Debug|Any CPU
		{5813F98B-FF7E-4CCA-B52F-84618CFA7ED3}.Debug|x86.ActiveCfg = Debug|Any CPU
		{5813F98B-FF7E-4CCA-B52F-84618CFA7ED3}.Debug|x86.Build.0 = Debug|Any CPU
		{5813F98B-FF7E-4CCA-B52F-84618CFA7ED3}.Release|Any CPU.ActiveCfg = Release|Any CPU
		{5813F98B-FF7E-4CCA-B52F-84618CFA7ED3}.Release|Any CPU.Build.0 = Release|Any CPU
		{5813F98B-FF7E-4CCA-B52F-84618CFA7ED3}.Release|x64.ActiveCfg = Release|Any CPU
		{5813F98B-FF7E-4CCA-B52F-84618CFA7ED3}.Release|x64.Build.0 = Release|Any CPU
		{5813F98B-FF7E-4CCA-B52F-84618CFA7ED3}.Release|x86.ActiveCfg = Release|Any CPU
		{5813F98B-FF7E-4CCA-B52F-84618CFA7ED3}.Release|x86.Build.0 = Release|Any CPU
	EndGlobalSection
	GlobalSection(SolutionProperties) = preSolution
		HideSolutionNode = FALSE
	EndGlobalSection
	GlobalSection(NestedProjects) = preSolution
		{AE9634E6-5162-4F9A-8D04-3B57EB852C7A} = {BEE476BB-7A8D-45AD-9F53-281F13218289}
		{B255EBF3-9816-4A44-9B51-4ED69179701D} = {D1CCF891-458A-465E-8489-5A276A7F687B}
		{FB4C772B-140C-42DA-9F44-A06833166B76} = {A7685BC2-4C5D-4F22-A156-40CD8D6FC8F4}
		{C8F51C47-174F-41F8-AA3C-393C9F8D3989} = {F00E2C92-D3D3-463F-A27A-8C610E31AB91}
		{F7200804-20DB-4744-A054-E6536CBCE692} = {3B58330C-C5D4-407F-8230-A4DF7962D98B}
		{57324D11-61C9-4D03-81CE-FEA762B693C6} = {31FAFE22-68A0-4787-92EF-3D6B5B7C5B65}
		{41017F25-1225-4B20-A082-6313AF17804A} = {66052366-BB11-4AAC-BB45-31A62A53296A}
		{0B5E0C42-3F75-4D00-A40D-9C1C061CFE77} = {4841D79E-980C-4280-AAD6-27A861D460B8}
		{B9DA89DF-1D5C-4317-AE03-8D116556B011} = {6D4C0FF1-379E-47C3-ADB8-EEF2AE384000}
		{2F1AFA0A-FB67-44ED-A45E-DDC89DEE3A02} = {15157BF7-0C8D-468C-B794-17E996BA8CF9}
		{150A33BA-25BE-4894-AB89-C5BBC14354CE} = {1FFD56B3-3A7B-44F1-97FA-8B267FAF4613}
		{A9E8DED6-8B4B-4CF4-BCD1-051FAE4F7AE4} = {4B4D8369-31FF-425D-8A0E-36BEF2D95B66}
		{45835F6D-46EC-449D-A278-E65CAA50AB45} = {ED2C978C-0044-4998-920B-673B96B3BDF3}
		{2245AA07-2CF4-4BA8-AF31-33A28EE6F678} = {8A5C551F-D895-4951-8111-1B794080AEA7}
		{5813F98B-FF7E-4CCA-B52F-84618CFA7ED3} = {54195F79-89D5-4FA0-AD3B-B36755263A19}
	EndGlobalSection
EndGlobal
